
Microsoft Visual Studio Solution File, Format Version 12.00
# Visual Studio Version 17
VisualStudioVersion = 17.3.32804.467
MinimumVisualStudioVersion = 10.0.40219.1
Project("{FAE04EC0-301F-11D3-BF4B-00C04F79EFBC}") = "joes_automotive", "joes_automotive.csproj", "{37472E10-46FC-4112-904B-0B986D3B5421}"
EndProject
Global
	GlobalSection(SolutionConfigurationPlatforms) = preSolution
		Debug|Any CPU = Debug|Any CPU
		Release|Any CPU = Release|Any CPU
	EndGlobalSection
	GlobalSection(ProjectConfigurationPlatforms) = postSolution
		{37472E10-46FC-4112-904B-0B986D3B5421}.Debug|Any CPU.ActiveCfg = Debug|Any CPU
		{37472E10-46FC-4112-904B-0B986D3B5421}.Debug|Any CPU.Build.0 = Debug|Any CPU
		{37472E10-46FC-4112-904B-0B986D3B5421}.Release|Any CPU.ActiveCfg = Release|Any CPU
		{37472E10-46FC-4112-904B-0B986D3B5421}.Release|Any CPU.Build.0 = Release|Any CPU
	EndGlobalSection
	GlobalSection(SolutionProperties) = preSolution
		HideSolutionNode = FALSE
	EndGlobalSection
	GlobalSection(ExtensibilityGlobals) = postSolution
		SolutionGuid = {4A8411E7-919A-4744-886A-9A9013126396}
	EndGlobalSection
EndGlobal
