
Microsoft Visual Studio Solution File, Format Version 12.00
# Visual Studio Version 17
VisualStudioVersion = 17.4.33110.190
MinimumVisualStudioVersion = 10.0.40219.1
Project("{FAE04EC0-301F-11D3-BF4B-00C04F79EFBC}") = "Capitals", "Capitals\Capitals.csproj", "{9C03FAB0-3207-4907-A2A1-991BF6C0694C}"
EndProject
Global
	GlobalSection(SolutionConfigurationPlatforms) = preSolution
		Debug|Any CPU = Debug|Any CPU
		Release|Any CPU = Release|Any CPU
	EndGlobalSection
	GlobalSection(ProjectConfigurationPlatforms) = postSolution
		{9C03FAB0-3207-4907-A2A1-991BF6C0694C}.Debug|Any CPU.ActiveCfg = Debug|Any CPU
		{9C03FAB0-3207-4907-A2A1-991BF6C0694C}.Debug|Any CPU.Build.0 = Debug|Any CPU
		{9C03FAB0-3207-4907-A2A1-991BF6C0694C}.Release|Any CPU.ActiveCfg = Release|Any CPU
		{9C03FAB0-3207-4907-A2A1-991BF6C0694C}.Release|Any CPU.Build.0 = Release|Any CPU
	EndGlobalSection
	GlobalSection(SolutionProperties) = preSolution
		HideSolutionNode = FALSE
	EndGlobalSection
	GlobalSection(ExtensibilityGlobals) = postSolution
		SolutionGuid = {B0F05947-152F-47D7-BCC6-C4604F222ACE}
	EndGlobalSection
EndGlobal
